
Microsoft Visual Studio Solution File, Format Version 12.00
# Visual Studio Version 17
VisualStudioVersion = 17.3.32519.111
MinimumVisualStudioVersion = 10.0.40219.1
Project("{FAE04EC0-301F-11D3-BF4B-00C04F79EFBC}") = "RawPrint", "RawPrint.csproj", "{61831582-1692-49E6-960F-FB381A1BD396}"
EndProject
Global
	GlobalSection(SolutionConfigurationPlatforms) = preSolution
		Debug|Any CPU = Debug|Any CPU
		Release|Any CPU = Release|Any CPU
	EndGlobalSection
	GlobalSection(ProjectConfigurationPlatforms) = postSolution
		{61831582-1692-49E6-960F-FB381A1BD396}.Debug|Any CPU.ActiveCfg = Debug|Any CPU
		{61831582-1692-49E6-960F-FB381A1BD396}.Debug|Any CPU.Build.0 = Debug|Any CPU
		{61831582-1692-49E6-960F-FB381A1BD396}.Release|Any CPU.ActiveCfg = Release|Any CPU
		{61831582-1692-49E6-960F-FB381A1BD396}.Release|Any CPU.Build.0 = Release|Any CPU
	EndGlobalSection
	GlobalSection(SolutionProperties) = preSolution
		HideSolutionNode = FALSE
	EndGlobalSection
	GlobalSection(ExtensibilityGlobals) = postSolution
		SolutionGuid = {4D41DE1C-22EA-43CD-8F2C-D9093DACCE99}
	EndGlobalSection
EndGlobal
